
Microsoft Visual Studio Solution File, Format Version 12.00
# Visual Studio Version 16
VisualStudioVersion = 16.0.32228.343
MinimumVisualStudioVersion = 10.0.40219.1
Project("{8BC9CEB8-8B4A-11D0-8D11-00A0C91BC942}") = "AntiPg", "AntiPg\AntiPg.vcxproj", "{57B417D1-F725-4133-9D14-5673FA3B9D06}"
EndProject
Project("{8BC9CEB8-8B4A-11D0-8D11-00A0C91BC942}") = "AntiPg Package", "AntiPg Package\AntiPg Package.vcxproj", "{981D4419-7C31-4E86-8B72-91087315244B}"
	ProjectSection(ProjectDependencies) = postProject
		{57B417D1-F725-4133-9D14-5673FA3B9D06} = {57B417D1-F725-4133-9D14-5673FA3B9D06}
	EndProjectSection
EndProject
Global
	GlobalSection(SolutionConfigurationPlatforms) = preSolution
		Debug|Win32 = Debug|Win32
		Debug|x64 = Debug|x64
		Driver_8_1_d_64|Win32 = Driver_8_1_d_64|Win32
		Driver_8_1_d_64|x64 = Driver_8_1_d_64|x64
		Driver_8_1_r_64|Win32 = Driver_8_1_r_64|Win32
		Driver_8_1_r_64|x64 = Driver_8_1_r_64|x64
		Release|Win32 = Release|Win32
		Release|x64 = Release|x64
		Win7 Debug|Win32 = Win7 Debug|Win32
		Win7 Debug|x64 = Win7 Debug|x64
		Win7 Release|Win32 = Win7 Release|Win32
		Win7 Release|x64 = Win7 Release|x64
		Win8 Debug|Win32 = Win8 Debug|Win32
		Win8 Debug|x64 = Win8 Debug|x64
		Win8 Release|Win32 = Win8 Release|Win32
		Win8 Release|x64 = Win8 Release|x64
		Win8.1 Debug|Win32 = Win8.1 Debug|Win32
		Win8.1 Debug|x64 = Win8.1 Debug|x64
		Win8.1 Release|Win32 = Win8.1 Release|Win32
		Win8.1 Release|x64 = Win8.1 Release|x64
	EndGlobalSection
	GlobalSection(ProjectConfigurationPlatforms) = postSolution
		{57B417D1-F725-4133-9D14-5673FA3B9D06}.Debug|Win32.ActiveCfg = Debug|Win32
		{57B417D1-F725-4133-9D14-5673FA3B9D06}.Debug|Win32.Build.0 = Debug|Win32
		{57B417D1-F725-4133-9D14-5673FA3B9D06}.Debug|Win32.Deploy.0 = Debug|Win32
		{57B417D1-F725-4133-9D14-5673FA3B9D06}.Debug|x64.ActiveCfg = Debug|x64
		{57B417D1-F725-4133-9D14-5673FA3B9D06}.Debug|x64.Build.0 = Debug|x64
		{57B417D1-F725-4133-9D14-5673FA3B9D06}.Debug|x64.Deploy.0 = Debug|x64
		{57B417D1-F725-4133-9D14-5673FA3B9D06}.Driver_8_1_d_64|Win32.ActiveCfg = Driver_8_1_d_64|Win32
		{57B417D1-F725-4133-9D14-5673FA3B9D06}.Driver_8_1_d_64|Win32.Build.0 = Driver_8_1_d_64|Win32
		{57B417D1-F725-4133-9D14-5673FA3B9D06}.Driver_8_1_d_64|Win32.Deploy.0 = Driver_8_1_d_64|Win32
		{57B417D1-F725-4133-9D14-5673FA3B9D06}.Driver_8_1_d_64|x64.ActiveCfg = Driver_8_1_d_64|x64
		{57B417D1-F725-4133-9D14-5673FA3B9D06}.Driver_8_1_d_64|x64.Build.0 = Driver_8_1_d_64|x64
		{57B417D1-F725-4133-9D14-5673FA3B9D06}.Driver_8_1_d_64|x64.Deploy.0 = Driver_8_1_d_64|x64
		{57B417D1-F725-4133-9D14-5673FA3B9D06}.Driver_8_1_r_64|Win32.ActiveCfg = Driver_8_1_r_64|Win32
		{57B417D1-F725-4133-9D14-5673FA3B9D06}.Driver_8_1_r_64|Win32.Build.0 = Driver_8_1_r_64|Win32
		{57B417D1-F725-4133-9D14-5673FA3B9D06}.Driver_8_1_r_64|x64.ActiveCfg = Driver_8_1_r_64|x64
		{57B417D1-F725-4133-9D14-5673FA3B9D06}.Driver_8_1_r_64|x64.Build.0 = Driver_8_1_r_64|x64
		{57B417D1-F725-4133-9D14-5673FA3B9D06}.Driver_8_1_r_64|x64.Deploy.0 = Driver_8_1_r_64|x64
		{57B417D1-F725-4133-9D14-5673FA3B9D06}.Release|Win32.ActiveCfg = Release|Win32
		{57B417D1-F725-4133-9D14-5673FA3B9D06}.Release|Win32.Build.0 = Release|Win32
		{57B417D1-F725-4133-9D14-5673FA3B9D06}.Release|Win32.Deploy.0 = Release|Win32
		{57B417D1-F725-4133-9D14-5673FA3B9D06}.Release|x64.ActiveCfg = Release|x64
		{57B417D1-F725-4133-9D14-5673FA3B9D06}.Release|x64.Build.0 = Release|x64
		{57B417D1-F725-4133-9D14-5673FA3B9D06}.Release|x64.Deploy.0 = Release|x64
		{57B417D1-F725-4133-9D14-5673FA3B9D06}.Win7 Debug|Win32.ActiveCfg = Win7 Debug|Win32
		{57B417D1-F725-4133-9D14-5673FA3B9D06}.Win7 Debug|Win32.Build.0 = Win7 Debug|Win32
		{57B417D1-F725-4133-9D14-5673FA3B9D06}.Win7 Debug|Win32.Deploy.0 = Win7 Debug|Win32
		{57B417D1-F725-4133-9D14-5673FA3B9D06}.Win7 Debug|x64.ActiveCfg = Win7 Debug|x64
		{57B417D1-F725-4133-9D14-5673FA3B9D06}.Win7 Debug|x64.Build.0 = Win7 Debug|x64
		{57B417D1-F725-4133-9D14-5673FA3B9D06}.Win7 Debug|x64.Deploy.0 = Win7 Debug|x64
		{57B417D1-F725-4133-9D14-5673FA3B9D06}.Win7 Release|Win32.ActiveCfg = Win7 Release|Win32
		{57B417D1-F725-4133-9D14-5673FA3B9D06}.Win7 Release|Win32.Build.0 = Win7 Release|Win32
		{57B417D1-F725-4133-9D14-5673FA3B9D06}.Win7 Release|Win32.Deploy.0 = Win7 Release|Win32
		{57B417D1-F725-4133-9D14-5673FA3B9D06}.Win7 Release|x64.ActiveCfg = Win7 Release|x64
		{57B417D1-F725-4133-9D14-5673FA3B9D06}.Win7 Release|x64.Build.0 = Win7 Release|x64
		{57B417D1-F725-4133-9D14-5673FA3B9D06}.Win7 Release|x64.Deploy.0 = Win7 Release|x64
		{57B417D1-F725-4133-9D14-5673FA3B9D06}.Win8 Debug|Win32.ActiveCfg = Win8 Debug|Win32
		{57B417D1-F725-4133-9D14-5673FA3B9D06}.Win8 Debug|Win32.Build.0 = Win8 Debug|Win32
		{57B417D1-F725-4133-9D14-5673FA3B9D06}.Win8 Debug|Win32.Deploy.0 = Win8 Debug|Win32
		{57B417D1-F725-4133-9D14-5673FA3B9D06}.Win8 Debug|x64.ActiveCfg = Win8 Debug|x64
		{57B417D1-F725-4133-9D14-5673FA3B9D06}.Win8 Debug|x64.Build.0 = Win8 Debug|x64
		{57B417D1-F725-4133-9D14-5673FA3B9D06}.Win8 Debug|x64.Deploy.0 = Win8 Debug|x64
		{57B417D1-F725-4133-9D14-5673FA3B9D06}.Win8 Release|Win32.ActiveCfg = Win8 Release|Win32
		{57B417D1-F725-4133-9D14-5673FA3B9D06}.Win8 Release|Win32.Build.0 = Win8 Release|Win32
		{57B417D1-F725-4133-9D14-5673FA3B9D06}.Win8 Release|Win32.Deploy.0 = Win8 Release|Win32
		{57B417D1-F725-4133-9D14-5673FA3B9D06}.Win8 Release|x64.ActiveCfg = Win8 Release|x64
		{57B417D1-F725-4133-9D14-5673FA3B9D06}.Win8 Release|x64.Build.0 = Win8 Release|x64
		{57B417D1-F725-4133-9D14-5673FA3B9D06}.Win8 Release|x64.Deploy.0 = Win8 Release|x64
		{57B417D1-F725-4133-9D14-5673FA3B9D06}.Win8.1 Debug|Win32.ActiveCfg = Win8.1 Debug|Win32
		{57B417D1-F725-4133-9D14-5673FA3B9D06}.Win8.1 Debug|Win32.Build.0 = Win8.1 Debug|Win32
		{57B417D1-F725-4133-9D14-5673FA3B9D06}.Win8.1 Debug|Win32.Deploy.0 = Win8.1 Debug|Win32
		{57B417D1-F725-4133-9D14-5673FA3B9D06}.Win8.1 Debug|x64.ActiveCfg = Win8.1 Debug|x64
		{57B417D1-F725-4133-9D14-5673FA3B9D06}.Win8.1 Debug|x64.Build.0 = Win8.1 Debug|x64
		{57B417D1-F725-4133-9D14-5673FA3B9D06}.Win8.1 Debug|x64.Deploy.0 = Win8.1 Debug|x64
		{57B417D1-F725-4133-9D14-5673FA3B9D06}.Win8.1 Release|Win32.ActiveCfg = Win8.1 Release|Win32
		{57B417D1-F725-4133-9D14-5673FA3B9D06}.Win8.1 Release|Win32.Build.0 = Win8.1 Release|Win32
		{57B417D1-F725-4133-9D14-5673FA3B9D06}.Win8.1 Release|Win32.Deploy.0 = Win8.1 Release|Win32
		{57B417D1-F725-4133-9D14-5673FA3B9D06}.Win8.1 Release|x64.ActiveCfg = Win8.1 Release|x64
		{57B417D1-F725-4133-9D14-5673FA3B9D06}.Win8.1 Release|x64.Build.0 = Win8.1 Release|x64
		{57B417D1-F725-4133-9D14-5673FA3B9D06}.Win8.1 Release|x64.Deploy.0 = Win8.1 Release|x64
		{981D4419-7C31-4E86-8B72-91087315244B}.Debug|Win32.ActiveCfg = Debug|Win32
		{981D4419-7C31-4E86-8B72-91087315244B}.Debug|Win32.Build.0 = Debug|Win32
		{981D4419-7C31-4E86-8B72-91087315244B}.Debug|Win32.Deploy.0 = Debug|Win32
		{981D4419-7C31-4E86-8B72-91087315244B}.Debug|x64.ActiveCfg = Debug|x64
		{981D4419-7C31-4E86-8B72-91087315244B}.Debug|x64.Build.0 = Debug|x64
		{981D4419-7C31-4E86-8B72-91087315244B}.Debug|x64.Deploy.0 = Debug|x64
		{981D4419-7C31-4E86-8B72-91087315244B}.Driver_8_1_d_64|Win32.ActiveCfg = Driver_8_1_d_64|Win32
		{981D4419-7C31-4E86-8B72-91087315244B}.Driver_8_1_d_64|Win32.Build.0 = Driver_8_1_d_64|Win32
		{981D4419-7C31-4E86-8B72-91087315244B}.Driver_8_1_d_64|Win32.Deploy.0 = Driver_8_1_d_64|Win32
		{981D4419-7C31-4E86-8B72-91087315244B}.Driver_8_1_d_64|x64.ActiveCfg = Driver_8_1_d_64|x64
		{981D4419-7C31-4E86-8B72-91087315244B}.Driver_8_1_d_64|x64.Build.0 = Driver_8_1_d_64|x64
		{981D4419-7C31-4E86-8B72-91087315244B}.Driver_8_1_d_64|x64.Deploy.0 = Driver_8_1_d_64|x64
		{981D4419-7C31-4E86-8B72-91087315244B}.Driver_8_1_r_64|Win32.ActiveCfg = Driver_8_1_r_64|Win32
		{981D4419-7C31-4E86-8B72-91087315244B}.Driver_8_1_r_64|Win32.Build.0 = Driver_8_1_r_64|Win32
		{981D4419-7C31-4E86-8B72-91087315244B}.Driver_8_1_r_64|x64.ActiveCfg = Driver_8_1_r_64|x64
		{981D4419-7C31-4E86-8B72-91087315244B}.Driver_8_1_r_64|x64.Build.0 = Driver_8_1_r_64|x64
		{981D4419-7C31-4E86-8B72-91087315244B}.Driver_8_1_r_64|x64.Deploy.0 = Driver_8_1_r_64|x64
		{981D4419-7C31-4E86-8B72-91087315244B}.Release|Win32.ActiveCfg = Release|Win32
		{981D4419-7C31-4E86-8B72-91087315244B}.Release|Win32.Build.0 = Release|Win32
		{981D4419-7C31-4E86-8B72-91087315244B}.Release|Win32.Deploy.0 = Release|Win32
		{981D4419-7C31-4E86-8B72-91087315244B}.Release|x64.ActiveCfg = Release|x64
		{981D4419-7C31-4E86-8B72-91087315244B}.Release|x64.Build.0 = Release|x64
		{981D4419-7C31-4E86-8B72-91087315244B}.Release|x64.Deploy.0 = Release|x64
		{981D4419-7C31-4E86-8B72-91087315244B}.Win7 Debug|Win32.ActiveCfg = Win7 Debug|Win32
		{981D4419-7C31-4E86-8B72-91087315244B}.Win7 Debug|Win32.Build.0 = Win7 Debug|Win32
		{981D4419-7C31-4E86-8B72-91087315244B}.Win7 Debug|Win32.Deploy.0 = Win7 Debug|Win32
		{981D4419-7C31-4E86-8B72-91087315244B}.Win7 Debug|x64.ActiveCfg = Win7 Debug|x64
		{981D4419-7C31-4E86-8B72-91087315244B}.Win7 Debug|x64.Build.0 = Win7 Debug|x64
		{981D4419-7C31-4E86-8B72-91087315244B}.Win7 Debug|x64.Deploy.0 = Win7 Debug|x64
		{981D4419-7C31-4E86-8B72-91087315244B}.Win7 Release|Win32.ActiveCfg = Win7 Release|Win32
		{981D4419-7C31-4E86-8B72-91087315244B}.Win7 Release|Win32.Build.0 = Win7 Release|Win32
		{981D4419-7C31-4E86-8B72-91087315244B}.Win7 Release|Win32.Deploy.0 = Win7 Release|Win32
		{981D4419-7C31-4E86-8B72-91087315244B}.Win7 Release|x64.ActiveCfg = Win7 Release|x64
		{981D4419-7C31-4E86-8B72-91087315244B}.Win7 Release|x64.Build.0 = Win7 Release|x64
		{981D4419-7C31-4E86-8B72-91087315244B}.Win7 Release|x64.Deploy.0 = Win7 Release|x64
		{981D4419-7C31-4E86-8B72-91087315244B}.Win8 Debug|Win32.ActiveCfg = Win8 Debug|Win32
		{981D4419-7C31-4E86-8B72-91087315244B}.Win8 Debug|Win32.Build.0 = Win8 Debug|Win32
		{981D4419-7C31-4E86-8B72-91087315244B}.Win8 Debug|Win32.Deploy.0 = Win8 Debug|Win32
		{981D4419-7C31-4E86-8B72-91087315244B}.Win8 Debug|x64.ActiveCfg = Win8 Debug|x64
		{981D4419-7C31-4E86-8B72-91087315244B}.Win8 Debug|x64.Build.0 = Win8 Debug|x64
		{981D4419-7C31-4E86-8B72-91087315244B}.Win8 Debug|x64.Deploy.0 = Win8 Debug|x64
		{981D4419-7C31-4E86-8B72-91087315244B}.Win8 Release|Win32.ActiveCfg = Win8 Release|Win32
		{981D4419-7C31-4E86-8B72-91087315244B}.Win8 Release|Win32.Build.0 = Win8 Release|Win32
		{981D4419-7C31-4E86-8B72-91087315244B}.Win8 Release|Win32.Deploy.0 = Win8 Release|Win32
		{981D4419-7C31-4E86-8B72-91087315244B}.Win8 Release|x64.ActiveCfg = Win8 Release|x64
		{981D4419-7C31-4E86-8B72-91087315244B}.Win8 Release|x64.Build.0 = Win8 Release|x64
		{981D4419-7C31-4E86-8B72-91087315244B}.Win8 Release|x64.Deploy.0 = Win8 Release|x64
		{981D4419-7C31-4E86-8B72-91087315244B}.Win8.1 Debug|Win32.ActiveCfg = Win8.1 Debug|Win32
		{981D4419-7C31-4E86-8B72-91087315244B}.Win8.1 Debug|Win32.Build.0 = Win8.1 Debug|Win32
		{981D4419-7C31-4E86-8B72-91087315244B}.Win8.1 Debug|Win32.Deploy.0 = Win8.1 Debug|Win32
		{981D4419-7C31-4E86-8B72-91087315244B}.Win8.1 Debug|x64.ActiveCfg = Win8.1 Debug|x64
		{981D4419-7C31-4E86-8B72-91087315244B}.Win8.1 Debug|x64.Build.0 = Win8.1 Debug|x64
		{981D4419-7C31-4E86-8B72-91087315244B}.Win8.1 Debug|x64.Deploy.0 = Win8.1 Debug|x64
		{981D4419-7C31-4E86-8B72-91087315244B}.Win8.1 Release|Win32.ActiveCfg = Win8.1 Release|Win32
		{981D4419-7C31-4E86-8B72-91087315244B}.Win8.1 Release|Win32.Build.0 = Win8.1 Release|Win32
		{981D4419-7C31-4E86-8B72-91087315244B}.Win8.1 Release|Win32.Deploy.0 = Win8.1 Release|Win32
		{981D4419-7C31-4E86-8B72-91087315244B}.Win8.1 Release|x64.ActiveCfg = Win8.1 Release|x64
		{981D4419-7C31-4E86-8B72-91087315244B}.Win8.1 Release|x64.Build.0 = Win8.1 Release|x64
		{981D4419-7C31-4E86-8B72-91087315244B}.Win8.1 Release|x64.Deploy.0 = Win8.1 Release|x64
	EndGlobalSection
	GlobalSection(SolutionProperties) = preSolution
		HideSolutionNode = FALSE
	EndGlobalSection
	GlobalSection(ExtensibilityGlobals) = postSolution
		SolutionGuid = {F1247D0F-60BB-44D2-A7B4-CB1A29809ED0}
	EndGlobalSection
EndGlobal
